
Microsoft Visual Studio Solution File, Format Version 12.00
# Visual Studio Version 16
VisualStudioVersion = 16.0.30114.105
MinimumVisualStudioVersion = 10.0.40219.1
Project("{FAE04EC0-301F-11D3-BF4B-00C04F79EFBC}") = "ProjetoAngular.Application", "ProjetoAngular.Application\ProjetoAngular.Application.csproj", "{5875F8D5-048A-4DC9-8A7B-5A10294E8F44}"
EndProject
Project("{FAE04EC0-301F-11D3-BF4B-00C04F79EFBC}") = "ProjetoAngular.Domain", "ProjetoAngular.Domain\ProjetoAngular.Domain.csproj", "{4DA5CBE1-BCDB-47E2-98BD-91418A4C7E52}"
EndProject
Project("{FAE04EC0-301F-11D3-BF4B-00C04F79EFBC}") = "ProjetoAngular.API", "ProjetoAngular.Api\ProjetoAngular.API.csproj", "{336A02B8-C527-4EA3-9E4A-ECE67D736993}"
EndProject
Project("{FAE04EC0-301F-11D3-BF4B-00C04F79EFBC}") = "ProjetoAngular.Persistence", "ProjetoAngular.Persistence\ProjetoAngular.Persistence.csproj", "{08C9F37F-0268-4D41-87B4-72F82737450B}"
EndProject
Global
	GlobalSection(SolutionConfigurationPlatforms) = preSolution
		Debug|Any CPU = Debug|Any CPU
		Debug|x64 = Debug|x64
		Debug|x86 = Debug|x86
		Release|Any CPU = Release|Any CPU
		Release|x64 = Release|x64
		Release|x86 = Release|x86
	EndGlobalSection
	GlobalSection(SolutionProperties) = preSolution
		HideSolutionNode = FALSE
	EndGlobalSection
	GlobalSection(ProjectConfigurationPlatforms) = postSolution
		{5875F8D5-048A-4DC9-8A7B-5A10294E8F44}.Debug|Any CPU.ActiveCfg = Debug|Any CPU
		{5875F8D5-048A-4DC9-8A7B-5A10294E8F44}.Debug|Any CPU.Build.0 = Debug|Any CPU
		{5875F8D5-048A-4DC9-8A7B-5A10294E8F44}.Debug|x64.ActiveCfg = Debug|Any CPU
		{5875F8D5-048A-4DC9-8A7B-5A10294E8F44}.Debug|x64.Build.0 = Debug|Any CPU
		{5875F8D5-048A-4DC9-8A7B-5A10294E8F44}.Debug|x86.ActiveCfg = Debug|Any CPU
		{5875F8D5-048A-4DC9-8A7B-5A10294E8F44}.Debug|x86.Build.0 = Debug|Any CPU
		{5875F8D5-048A-4DC9-8A7B-5A10294E8F44}.Release|Any CPU.ActiveCfg = Release|Any CPU
		{5875F8D5-048A-4DC9-8A7B-5A10294E8F44}.Release|Any CPU.Build.0 = Release|Any CPU
		{5875F8D5-048A-4DC9-8A7B-5A10294E8F44}.Release|x64.ActiveCfg = Release|Any CPU
		{5875F8D5-048A-4DC9-8A7B-5A10294E8F44}.Release|x64.Build.0 = Release|Any CPU
		{5875F8D5-048A-4DC9-8A7B-5A10294E8F44}.Release|x86.ActiveCfg = Release|Any CPU
		{5875F8D5-048A-4DC9-8A7B-5A10294E8F44}.Release|x86.Build.0 = Release|Any CPU
		{4DA5CBE1-BCDB-47E2-98BD-91418A4C7E52}.Debug|Any CPU.ActiveCfg = Debug|Any CPU
		{4DA5CBE1-BCDB-47E2-98BD-91418A4C7E52}.Debug|Any CPU.Build.0 = Debug|Any CPU
		{4DA5CBE1-BCDB-47E2-98BD-91418A4C7E52}.Debug|x64.ActiveCfg = Debug|Any CPU
		{4DA5CBE1-BCDB-47E2-98BD-91418A4C7E52}.Debug|x64.Build.0 = Debug|Any CPU
		{4DA5CBE1-BCDB-47E2-98BD-91418A4C7E52}.Debug|x86.ActiveCfg = Debug|Any CPU
		{4DA5CBE1-BCDB-47E2-98BD-91418A4C7E52}.Debug|x86.Build.0 = Debug|Any CPU
		{4DA5CBE1-BCDB-47E2-98BD-91418A4C7E52}.Release|Any CPU.ActiveCfg = Release|Any CPU
		{4DA5CBE1-BCDB-47E2-98BD-91418A4C7E52}.Release|Any CPU.Build.0 = Release|Any CPU
		{4DA5CBE1-BCDB-47E2-98BD-91418A4C7E52}.Release|x64.ActiveCfg = Release|Any CPU
		{4DA5CBE1-BCDB-47E2-98BD-91418A4C7E52}.Release|x64.Build.0 = Release|Any CPU
		{4DA5CBE1-BCDB-47E2-98BD-91418A4C7E52}.Release|x86.ActiveCfg = Release|Any CPU
		{4DA5CBE1-BCDB-47E2-98BD-91418A4C7E52}.Release|x86.Build.0 = Release|Any CPU
		{336A02B8-C527-4EA3-9E4A-ECE67D736993}.Debug|Any CPU.ActiveCfg = Debug|Any CPU
		{336A02B8-C527-4EA3-9E4A-ECE67D736993}.Debug|Any CPU.Build.0 = Debug|Any CPU
		{336A02B8-C527-4EA3-9E4A-ECE67D736993}.Debug|x64.ActiveCfg = Debug|Any CPU
		{336A02B8-C527-4EA3-9E4A-ECE67D736993}.Debug|x64.Build.0 = Debug|Any CPU
		{336A02B8-C527-4EA3-9E4A-ECE67D736993}.Debug|x86.ActiveCfg = Debug|Any CPU
		{336A02B8-C527-4EA3-9E4A-ECE67D736993}.Debug|x86.Build.0 = Debug|Any CPU
		{336A02B8-C527-4EA3-9E4A-ECE67D736993}.Release|Any CPU.ActiveCfg = Release|Any CPU
		{336A02B8-C527-4EA3-9E4A-ECE67D736993}.Release|Any CPU.Build.0 = Release|Any CPU
		{336A02B8-C527-4EA3-9E4A-ECE67D736993}.Release|x64.ActiveCfg = Release|Any CPU
		{336A02B8-C527-4EA3-9E4A-ECE67D736993}.Release|x64.Build.0 = Release|Any CPU
		{336A02B8-C527-4EA3-9E4A-ECE67D736993}.Release|x86.ActiveCfg = Release|Any CPU
		{336A02B8-C527-4EA3-9E4A-ECE67D736993}.Release|x86.Build.0 = Release|Any CPU
		{08C9F37F-0268-4D41-87B4-72F82737450B}.Debug|Any CPU.ActiveCfg = Debug|Any CPU
		{08C9F37F-0268-4D41-87B4-72F82737450B}.Debug|Any CPU.Build.0 = Debug|Any CPU
		{08C9F37F-0268-4D41-87B4-72F82737450B}.Debug|x64.ActiveCfg = Debug|Any CPU
		{08C9F37F-0268-4D41-87B4-72F82737450B}.Debug|x64.Build.0 = Debug|Any CPU
		{08C9F37F-0268-4D41-87B4-72F82737450B}.Debug|x86.ActiveCfg = Debug|Any CPU
		{08C9F37F-0268-4D41-87B4-72F82737450B}.Debug|x86.Build.0 = Debug|Any CPU
		{08C9F37F-0268-4D41-87B4-72F82737450B}.Release|Any CPU.ActiveCfg = Release|Any CPU
		{08C9F37F-0268-4D41-87B4-72F82737450B}.Release|Any CPU.Build.0 = Release|Any CPU
		{08C9F37F-0268-4D41-87B4-72F82737450B}.Release|x64.ActiveCfg = Release|Any CPU
		{08C9F37F-0268-4D41-87B4-72F82737450B}.Release|x64.Build.0 = Release|Any CPU
		{08C9F37F-0268-4D41-87B4-72F82737450B}.Release|x86.ActiveCfg = Release|Any CPU
		{08C9F37F-0268-4D41-87B4-72F82737450B}.Release|x86.Build.0 = Release|Any CPU
	EndGlobalSection
EndGlobal
